
Microsoft Visual Studio Solution File, Format Version 12.00
# Visual Studio Version 16
VisualStudioVersion = 16.0.31205.134
MinimumVisualStudioVersion = 10.0.40219.1
Project("{2150E333-8FDC-42A3-9474-1A3956D46DE8}") = "src", "src", "{31445612-5E67-4053-AFA6-D597DB7A252E}"
EndProject
Project("{2150E333-8FDC-42A3-9474-1A3956D46DE8}") = "tests", "tests", "{A9791671-9EE5-4C92-AB56-7AF1947387BF}"
EndProject
Project("{FAE04EC0-301F-11D3-BF4B-00C04F79EFBC}") = "Expenses", "Exprenses\Expenses.csproj", "{16F36378-CB12-44EF-92A5-7BD619A866A9}"
EndProject
Project("{FAE04EC0-301F-11D3-BF4B-00C04F79EFBC}") = "Expenses.Security", "Expenses.Security\Expenses.Security.csproj", "{122CF7BE-52FA-42D8-B240-12F9D35E8967}"
EndProject
Project("{FAE04EC0-301F-11D3-BF4B-00C04F79EFBC}") = "Expenses.Api.Models", "Expenses.Api.Models\Expenses.Api.Models.csproj", "{3D98EFB4-4952-4A41-BBFD-414B56120B82}"
EndProject
Project("{FAE04EC0-301F-11D3-BF4B-00C04F79EFBC}") = "Expenses.Queries", "Expenses.Queries\Expenses.Queries.csproj", "{83AEE7BD-81E5-462F-8BBB-F7C5C627B709}"
EndProject
Project("{FAE04EC0-301F-11D3-BF4B-00C04F79EFBC}") = "Expenses.Data.Model", "Expenses.Data.Model\Expenses.Data.Model.csproj", "{444D654C-556F-4CC7-9F61-5968C50CBC24}"
EndProject
Project("{FAE04EC0-301F-11D3-BF4B-00C04F79EFBC}") = "Expenses.Data.Access", "Expenses.Data.Access\Expenses.Data.Access.csproj", "{35F55810-B979-4B01-AAA9-9901703CCEBC}"
EndProject
Project("{FAE04EC0-301F-11D3-BF4B-00C04F79EFBC}") = "Expenses.Api.Common", "Expenses.Api.Common\Expenses.Api.Common.csproj", "{FC4C2951-FF14-4AD0-8130-0D9F926FD233}"
EndProject
Global
	GlobalSection(SolutionConfigurationPlatforms) = preSolution
		Debug|Any CPU = Debug|Any CPU
		Release|Any CPU = Release|Any CPU
	EndGlobalSection
	GlobalSection(ProjectConfigurationPlatforms) = postSolution
		{16F36378-CB12-44EF-92A5-7BD619A866A9}.Debug|Any CPU.ActiveCfg = Debug|Any CPU
		{16F36378-CB12-44EF-92A5-7BD619A866A9}.Debug|Any CPU.Build.0 = Debug|Any CPU
		{16F36378-CB12-44EF-92A5-7BD619A866A9}.Release|Any CPU.ActiveCfg = Release|Any CPU
		{16F36378-CB12-44EF-92A5-7BD619A866A9}.Release|Any CPU.Build.0 = Release|Any CPU
		{122CF7BE-52FA-42D8-B240-12F9D35E8967}.Debug|Any CPU.ActiveCfg = Debug|Any CPU
		{122CF7BE-52FA-42D8-B240-12F9D35E8967}.Debug|Any CPU.Build.0 = Debug|Any CPU
		{122CF7BE-52FA-42D8-B240-12F9D35E8967}.Release|Any CPU.ActiveCfg = Release|Any CPU
		{122CF7BE-52FA-42D8-B240-12F9D35E8967}.Release|Any CPU.Build.0 = Release|Any CPU
		{3D98EFB4-4952-4A41-BBFD-414B56120B82}.Debug|Any CPU.ActiveCfg = Debug|Any CPU
		{3D98EFB4-4952-4A41-BBFD-414B56120B82}.Debug|Any CPU.Build.0 = Debug|Any CPU
		{3D98EFB4-4952-4A41-BBFD-414B56120B82}.Release|Any CPU.ActiveCfg = Release|Any CPU
		{3D98EFB4-4952-4A41-BBFD-414B56120B82}.Release|Any CPU.Build.0 = Release|Any CPU
		{83AEE7BD-81E5-462F-8BBB-F7C5C627B709}.Debug|Any CPU.ActiveCfg = Debug|Any CPU
		{83AEE7BD-81E5-462F-8BBB-F7C5C627B709}.Debug|Any CPU.Build.0 = Debug|Any CPU
		{83AEE7BD-81E5-462F-8BBB-F7C5C627B709}.Release|Any CPU.ActiveCfg = Release|Any CPU
		{83AEE7BD-81E5-462F-8BBB-F7C5C627B709}.Release|Any CPU.Build.0 = Release|Any CPU
		{444D654C-556F-4CC7-9F61-5968C50CBC24}.Debug|Any CPU.ActiveCfg = Debug|Any CPU
		{444D654C-556F-4CC7-9F61-5968C50CBC24}.Debug|Any CPU.Build.0 = Debug|Any CPU
		{444D654C-556F-4CC7-9F61-5968C50CBC24}.Release|Any CPU.ActiveCfg = Release|Any CPU
		{444D654C-556F-4CC7-9F61-5968C50CBC24}.Release|Any CPU.Build.0 = Release|Any CPU
		{35F55810-B979-4B01-AAA9-9901703CCEBC}.Debug|Any CPU.ActiveCfg = Debug|Any CPU
		{35F55810-B979-4B01-AAA9-9901703CCEBC}.Debug|Any CPU.Build.0 = Debug|Any CPU
		{35F55810-B979-4B01-AAA9-9901703CCEBC}.Release|Any CPU.ActiveCfg = Release|Any CPU
		{35F55810-B979-4B01-AAA9-9901703CCEBC}.Release|Any CPU.Build.0 = Release|Any CPU
		{FC4C2951-FF14-4AD0-8130-0D9F926FD233}.Debug|Any CPU.ActiveCfg = Debug|Any CPU
		{FC4C2951-FF14-4AD0-8130-0D9F926FD233}.Debug|Any CPU.Build.0 = Debug|Any CPU
		{FC4C2951-FF14-4AD0-8130-0D9F926FD233}.Release|Any CPU.ActiveCfg = Release|Any CPU
		{FC4C2951-FF14-4AD0-8130-0D9F926FD233}.Release|Any CPU.Build.0 = Release|Any CPU
	EndGlobalSection
	GlobalSection(SolutionProperties) = preSolution
		HideSolutionNode = FALSE
	EndGlobalSection
	GlobalSection(NestedProjects) = preSolution
		{16F36378-CB12-44EF-92A5-7BD619A866A9} = {31445612-5E67-4053-AFA6-D597DB7A252E}
		{122CF7BE-52FA-42D8-B240-12F9D35E8967} = {31445612-5E67-4053-AFA6-D597DB7A252E}
		{3D98EFB4-4952-4A41-BBFD-414B56120B82} = {31445612-5E67-4053-AFA6-D597DB7A252E}
		{83AEE7BD-81E5-462F-8BBB-F7C5C627B709} = {31445612-5E67-4053-AFA6-D597DB7A252E}
		{444D654C-556F-4CC7-9F61-5968C50CBC24} = {31445612-5E67-4053-AFA6-D597DB7A252E}
		{35F55810-B979-4B01-AAA9-9901703CCEBC} = {31445612-5E67-4053-AFA6-D597DB7A252E}
		{FC4C2951-FF14-4AD0-8130-0D9F926FD233} = {31445612-5E67-4053-AFA6-D597DB7A252E}
	EndGlobalSection
	GlobalSection(ExtensibilityGlobals) = postSolution
		SolutionGuid = {A53260A9-6F20-40F5-BE04-1F02295CB053}
	EndGlobalSection
EndGlobal
